# THIS IS AN AUTOGENERATED FILE. DO NOT EDIT THIS FILE DIRECTLY.
# yarn lockfile v1


"@serialport/binding-mock@10.2.2":
  version "10.2.2"
  resolved "https://registry.yarnpkg.com/@serialport/binding-mock/-/binding-mock-10.2.2.tgz#d322a8116a97806addda13c62f50e73d16125874"
  integrity sha512-HAFzGhk9OuFMpuor7aT5G1ChPgn5qSsklTFOTUX72Rl6p0xwcSVsRtG/xaGp6bxpN7fI9D/S8THLBWbBgS6ldw==
  dependencies:
    "@serialport/bindings-interface" "^1.2.1"
    debug "^4.3.3"

"@serialport/bindings-cpp@11.0.3":
  version "11.0.3"
  resolved "https://registry.yarnpkg.com/@serialport/bindings-cpp/-/bindings-cpp-11.0.3.tgz#ab4d4826ef657e326b6c99d6b8a113d834378a93"
  integrity sha512-xgNDJ7pHHZCJMoDsEH+D8q5CV+V3RGN4/jLEG9SQ7q6kh+o03axV0l/upPHZ0HW4tTXpGgqPIGbXOTrD4RGQQA==
  dependencies:
    "@serialport/bindings-interface" "1.2.2"
    "@serialport/parser-readline" "11.0.0"
    debug "4.3.4"
    node-addon-api "6.1.0"
    node-gyp-build "4.6.0"

"@serialport/bindings-interface@1.2.2", "@serialport/bindings-interface@^1.2.1":
  version "1.2.2"
  resolved "https://registry.yarnpkg.com/@serialport/bindings-interface/-/bindings-interface-1.2.2.tgz#c4ae9c1c85e26b02293f62f37435478d90baa460"
  integrity sha512-CJaUd5bLvtM9c5dmO9rPBHPXTa9R2UwpkJ0wdh9JCYcbrPWsKz+ErvR0hBLeo7NPeiFdjFO4sonRljiw4d2XiA==

"@serialport/parser-byte-length@11.0.1":
  version "11.0.1"
  resolved "https://registry.yarnpkg.com/@serialport/parser-byte-length/-/parser-byte-length-11.0.1.tgz#26e4f3b2d66aaac0859b18a57c648d0eec78392a"
  integrity sha512-UsffR5b3NHwhjJzsWv5fZMkoq3wGNyUcRTA9jlu02w+2kMlBRJPzlPVB5szVX0VWUEqkCg+3VaU2XWuYr+uAUA==

"@serialport/parser-cctalk@11.0.1":
  version "11.0.1"
  resolved "https://registry.yarnpkg.com/@serialport/parser-cctalk/-/parser-cctalk-11.0.1.tgz#70c5ccc8fc5ebbe5c317005791155d3b2812efa6"
  integrity sha512-klzVQfRcC1m0SVDV2Dy9hHfwweO2/mUMUyuXK04FRkKHy5/AdETmk9KTVVVVfpDCSysvHoyQPwiDFq8ddwX3cQ==

"@serialport/parser-delimiter@11.0.0":
  version "11.0.0"
  resolved "https://registry.yarnpkg.com/@serialport/parser-delimiter/-/parser-delimiter-11.0.0.tgz#e830c6bb49723d4446131277dc3243b502d09388"
  integrity sha512-aZLJhlRTjSmEwllLG7S4J8s8ctRAS0cbvCpO87smLvl3e4BgzbVgF6Z6zaJd3Aji2uSiYgfedCdNc4L6W+1E2g==

"@serialport/parser-delimiter@11.0.1":
  version "11.0.1"
  resolved "https://registry.yarnpkg.com/@serialport/parser-delimiter/-/parser-delimiter-11.0.1.tgz#c0bcc24d8060c6b352cbe6003ebe95671ad32221"
  integrity sha512-NAsYa3OFt2xEnj/+0BRkQP2qkRNbXBPEq6uFJEdNdzcTSF+BTRXkoIRrWBq3N6koovPqW6lnbxc/iJYe5AX/2Q==

"@serialport/parser-inter-byte-timeout@11.0.1":
  version "11.0.1"
  resolved "https://registry.yarnpkg.com/@serialport/parser-inter-byte-timeout/-/parser-inter-byte-timeout-11.0.1.tgz#ed6d939eeb3bec94579fb3628dc6dcd0c9a3dd21"
  integrity sha512-PEFV9dSpW+ptH1rLhdB9KgE+rbJ/FvQiZz0mx+4jkv/Po4g3PNsEEMXfMW0aQVSFVsmitvmE0jHlhGjLv8GQEg==

"@serialport/parser-packet-length@11.0.1":
  version "11.0.1"
  resolved "https://registry.yarnpkg.com/@serialport/parser-packet-length/-/parser-packet-length-11.0.1.tgz#9d7982a6eeaf9a5bdfe642ceb287f171ab2965b7"
  integrity sha512-KwPu8dsAI+eN4fnUS1vVmrOpUtBK4p9L9cHhwn5ZmfcvwvZMHp/J+IEu7xH0g5aM1/8QEoaql26BQP+sZ71NQQ==

"@serialport/parser-readline@11.0.0":
  version "11.0.0"
  resolved "https://registry.yarnpkg.com/@serialport/parser-readline/-/parser-readline-11.0.0.tgz#c2c8c88e163d2abf7c0ffddbc1845336444e3454"
  integrity sha512-rRAivhRkT3YO28WjmmG4FQX6L+KMb5/ikhyylRfzWPw0nSXy97+u07peS9CbHqaNvJkMhH1locp2H36aGMOEIA==
  dependencies:
    "@serialport/parser-delimiter" "11.0.0"

"@serialport/parser-readline@11.0.1":
  version "11.0.1"
  resolved "https://registry.yarnpkg.com/@serialport/parser-readline/-/parser-readline-11.0.1.tgz#e85805ae803c2dc507eefa390abec6a67ceef313"
  integrity sha512-wkJ3EI733+yhbi7eBWzs/qn8+cfIBcYQjfrILPNqslAy6VlgdKw+pHoblDFmg78GN0TqGUDSWlTJ65oLEPVp5Q==
  dependencies:
    "@serialport/parser-delimiter" "11.0.1"

"@serialport/parser-ready@11.0.1":
  version "11.0.1"
  resolved "https://registry.yarnpkg.com/@serialport/parser-ready/-/parser-ready-11.0.1.tgz#bba01283a121880641e43c27193e6708fef2907c"
  integrity sha512-v/bvlgKhrNt+SVLSqlfXCO1HEinfRRMGnzqbpdVCgu2SiWIEenCLjs51JisKVYQoQFcXdP/EHZnzm7NPXHDlAg==

"@serialport/parser-regex@11.0.1":
  version "11.0.1"
  resolved "https://registry.yarnpkg.com/@serialport/parser-regex/-/parser-regex-11.0.1.tgz#7833ca6029c8c58eb39dd6fe984756cf09d769b7"
  integrity sha512-Lf3k7qibYqZ0+/wX3UA8fRng3WtQ+UyLpjQhG1COs6OBSq5/I5tYXczfhlrbA0gHo1qzgzr2V2t7m6FoBSc81Q==

"@serialport/parser-slip-encoder@11.0.1":
  version "11.0.1"
  resolved "https://registry.yarnpkg.com/@serialport/parser-slip-encoder/-/parser-slip-encoder-11.0.1.tgz#4ba0c335627e3d1203279a5f8a4c1af0c829b7fe"
  integrity sha512-l4mXsAGzpmPO7+uqKJqtPDW643irfnGEWbiy34FoYvuOs8n0SmiMtgQZFAtvlTNQCRWE2tykF/WG6K/McJthDw==

"@serialport/parser-spacepacket@11.0.1":
  version "11.0.1"
  resolved "https://registry.yarnpkg.com/@serialport/parser-spacepacket/-/parser-spacepacket-11.0.1.tgz#9e1c372f45433afb9a5dbec7b5a298c710b0455b"
  integrity sha512-Lq7fXoOsLOMo4XEt9HB31zV5LhrteXlsOy2o6r39TfRwU6x8Nou9jQMA9vW0a6yPra5zwsHIaNrA6tDOGj2Ozg==

"@serialport/stream@11.0.1":
  version "11.0.1"
  resolved "https://registry.yarnpkg.com/@serialport/stream/-/stream-11.0.1.tgz#ed40c66d517cfebf7185cd9c37ba0a08e76f88b2"
  integrity sha512-6pjyKRg8MQuvhGfg36+PF7K5eGNQcEswCSiAg1UPilqqFS8X1QnaiSCn5UFp/hCN+pAtlFjkOi0ztvtmSI7n4g==
  dependencies:
    "@serialport/bindings-interface" "1.2.2"
    debug "4.3.4"

debug@4.3.4, debug@^4.3.3:
  version "4.3.4"
  resolved "https://registry.yarnpkg.com/debug/-/debug-4.3.4.tgz#1319f6579357f2338d3337d2cdd4914bb5dcc865"
  integrity sha512-PRWFHuSU3eDtQJPvnNY7Jcket1j0t5OuOsFzPPzsekD52Zl8qUfFIPEiswXqIvHWGVHOgX+7G/vCNNhehwxfkQ==
  dependencies:
    ms "2.1.2"

ms@2.1.2:
  version "2.1.2"
  resolved "https://registry.yarnpkg.com/ms/-/ms-2.1.2.tgz#d09d1f357b443f493382a8eb3ccd183872ae6009"
  integrity sha512-sGkPx+VjMtmA6MX27oA4FBFELFCZZ4S4XqeGOXCv68tT+jb3vk/RyaKWP0PTKyWtmLSM0b+adUTEvbs1PEaH2w==

node-addon-api@6.1.0:
  version "6.1.0"
  resolved "https://registry.yarnpkg.com/node-addon-api/-/node-addon-api-6.1.0.tgz#ac8470034e58e67d0c6f1204a18ae6995d9c0d76"
  integrity sha512-+eawOlIgy680F0kBzPUNFhMZGtJ1YmqM6l4+Crf4IkImjYrO/mqPwRMh352g23uIaQKFItcQ64I7KMaJxHgAVA==

node-gyp-build@4.6.0:
  version "4.6.0"
  resolved "https://registry.yarnpkg.com/node-gyp-build/-/node-gyp-build-4.6.0.tgz#0c52e4cbf54bbd28b709820ef7b6a3c2d6209055"
  integrity sha512-NTZVKn9IylLwUzaKjkas1e4u2DLNcV4rdYagA4PWdPwW87Bi7z+BznyKSRwS/761tV/lzCGXplWsiaMjLqP2zQ==

serialport@^11.0.1:
  version "11.0.1"
  resolved "https://registry.yarnpkg.com/serialport/-/serialport-11.0.1.tgz#9c7aad877d38124a938a50f89eaef22c44825eae"
  integrity sha512-j/ntDuewAkqL6g5wKjwV2RTyLBL9cpob8aRd3yLAViYApTsJoYqRleyuzst0OboNTBjBsoxQ4YKYhuYHi1XViQ==
  dependencies:
    "@serialport/binding-mock" "10.2.2"
    "@serialport/bindings-cpp" "11.0.3"
    "@serialport/parser-byte-length" "11.0.1"
    "@serialport/parser-cctalk" "11.0.1"
    "@serialport/parser-delimiter" "11.0.1"
    "@serialport/parser-inter-byte-timeout" "11.0.1"
    "@serialport/parser-packet-length" "11.0.1"
    "@serialport/parser-readline" "11.0.1"
    "@serialport/parser-ready" "11.0.1"
    "@serialport/parser-regex" "11.0.1"
    "@serialport/parser-slip-encoder" "11.0.1"
    "@serialport/parser-spacepacket" "11.0.1"
    "@serialport/stream" "11.0.1"
    debug "4.3.4"
